
Microsoft Visual Studio Solution File, Format Version 12.00
# Visual Studio Version 16
VisualStudioVersion = 16.0.31019.35
MinimumVisualStudioVersion = 10.0.40219.1
Project("{FAE04EC0-301F-11D3-BF4B-00C04F79EFBC}") = "MasterApi", "MasterApi\MasterApi.csproj", "{3C3B39FE-B367-4A3D-A45E-D04D0460143D}"
EndProject
Global
	GlobalSection(SolutionConfigurationPlatforms) = preSolution
		Debug|Any CPU = Debug|Any CPU
		Release|Any CPU = Release|Any CPU
	EndGlobalSection
	GlobalSection(ProjectConfigurationPlatforms) = postSolution
		{3C3B39FE-B367-4A3D-A45E-D04D0460143D}.Debug|Any CPU.ActiveCfg = Debug|Any CPU
		{3C3B39FE-B367-4A3D-A45E-D04D0460143D}.Debug|Any CPU.Build.0 = Debug|Any CPU
		{3C3B39FE-B367-4A3D-A45E-D04D0460143D}.Release|Any CPU.ActiveCfg = Release|Any CPU
		{3C3B39FE-B367-4A3D-A45E-D04D0460143D}.Release|Any CPU.Build.0 = Release|Any CPU
	EndGlobalSection
	GlobalSection(SolutionProperties) = preSolution
		HideSolutionNode = FALSE
	EndGlobalSection
	GlobalSection(ExtensibilityGlobals) = postSolution
		SolutionGuid = {70E85BA1-74CF-4B1A-BB5D-FA7EAD0BEC48}
	EndGlobalSection
EndGlobal
