
Microsoft Visual Studio Solution File, Format Version 12.00
# Visual Studio Version 16
VisualStudioVersion = 16.0.31019.35
MinimumVisualStudioVersion = 10.0.40219.1
Project("{FAE04EC0-301F-11D3-BF4B-00C04F79EFBC}") = "AppApi", "AppApi\AppApi.csproj", "{D63F214E-3114-4C87-8932-2757F2C048AE}"
EndProject
Global
	GlobalSection(SolutionConfigurationPlatforms) = preSolution
		Debug|Any CPU = Debug|Any CPU
		Release|Any CPU = Release|Any CPU
	EndGlobalSection
	GlobalSection(ProjectConfigurationPlatforms) = postSolution
		{D63F214E-3114-4C87-8932-2757F2C048AE}.Debug|Any CPU.ActiveCfg = Debug|Any CPU
		{D63F214E-3114-4C87-8932-2757F2C048AE}.Debug|Any CPU.Build.0 = Debug|Any CPU
		{D63F214E-3114-4C87-8932-2757F2C048AE}.Release|Any CPU.ActiveCfg = Release|Any CPU
		{D63F214E-3114-4C87-8932-2757F2C048AE}.Release|Any CPU.Build.0 = Release|Any CPU
	EndGlobalSection
	GlobalSection(SolutionProperties) = preSolution
		HideSolutionNode = FALSE
	EndGlobalSection
	GlobalSection(ExtensibilityGlobals) = postSolution
		SolutionGuid = {70E85BA1-74CF-4B1A-BB5D-FA7EAD0BEC48}
	EndGlobalSection
EndGlobal
